github.com/PaulMaddox/w32 v0.0.0-20140521084532-51f673d7e208 h1:9iaFmYkSnxY9WMMgeZXXA/ea4z3KTq5GEI4ovDel2Nw=
github.com/PaulMaddox/w32 v0.0.0-20140521084532-51f673d7e208/go.mod h1:QDGPTM1u2F2jGkiHyT6FdRmvPExhy6bvuY1Yr+I3kQY=
github.com/paulmaddox/clock v0.0.0-20140521101419-ea529e08d148 h1:uMikNuH5/YsB9DG6eYQG38im5Uya7ItysNPbudS+n24=
github.com/paulmaddox/clock v0.0.0-20140521101419-ea529e08d148/go.mod h1:PE7mWoyrqxz0fq40sMMRAIr2/XHYTv7+zbf1r2RVze4=
